https://github.com/macro187/MacroSystem.git master 9fbb6b1221d371e47f38dcbef654ce0645f60acd
https://github.com/macro187/MacroGuards.git master c3d8ede69630b121219ccd2ba4dae2b985cd9ff6
https://github.com/macro187/MacroCollections.git master 2fbc68874a5daf32965d1137daacbfbd9fbae563
https://github.com/macro187/MacroExceptions.git master 2380c7b3abe1ab8f2183512440802d4b79ae53d4
