https://github.com/macro187/MacroCollections.git master 931aafadb5ba150904dcf22bb09e7227072c9df5
https://github.com/macro187/MacroExceptions.git master ffd8b2c741fad46cc076c87257dadeea64b60eda
https://github.com/macro187/MacroGuards.git master a558780e7ad8d13d85b7b0948a4bf7d0ca4eedd5
https://github.com/macro187/MacroIO.git master 95ffa84ec4e93de3723cd4f03bccf7a7ea58afe4
https://github.com/macro187/MacroSystem.git master 7c684be6173490e08601c5da390eb0d37cd38457
