https://github.com/macro187/MacroCollections.git master 2fbc68874a5daf32965d1137daacbfbd9fbae563
https://github.com/macro187/MacroExceptions.git master 8c5c1a5411205e78004ecc168697bffd301030b3
https://github.com/macro187/MacroGuards.git master c3d8ede69630b121219ccd2ba4dae2b985cd9ff6
https://github.com/macro187/MacroIO.git master 0420f3aa52a002544493a2d3f864ec82f97a12ce
https://github.com/macro187/MacroSystem.git master 9fbb6b1221d371e47f38dcbef654ce0645f60acd
