
Microsoft Visual Studio Solution File, Format Version 12.00
# Visual Studio 15
VisualStudioVersion = 15.0.26124.0
MinimumVisualStudioVersion = 15.0.26124.0
Project("{9A19103F-16F7-4668-BE54-9A1E7A4F7556}") = "MacroSln", "MacroSln\MacroSln.csproj", "{543FD139-7A18-4291-BCBD-1D1CEB01F0BE}"
EndProject
Project("{2150E333-8FDC-42A3-9474-1A3956D46DE8}") = "nugit-MacroSystem", "nugit-MacroSystem", "{87441458-F4D4-4767-8808-E3EB8EC08A16}"
EndProject
Project("{9A19103F-16F7-4668-BE54-9A1E7A4F7556}") = "MacroSystem", "..\MacroSystem\MacroSystem\MacroSystem.csproj", "{7C2D7D47-3718-4D2B-BE57-2276C06E7F34}"
EndProject
Project("{2150E333-8FDC-42A3-9474-1A3956D46DE8}") = "nugit-MacroGuards", "nugit-MacroGuards", "{CE06072F-6573-491D-B7CA-F75FC901D765}"
EndProject
Project("{9A19103F-16F7-4668-BE54-9A1E7A4F7556}") = "MacroGuards", "..\MacroGuards\MacroGuards\MacroGuards.csproj", "{EADBBE65-3D8A-42E8-AB55-9E4F6CC24C9B}"
EndProject
Project("{2150E333-8FDC-42A3-9474-1A3956D46DE8}") = "nugit-MacroCollections", "nugit-MacroCollections", "{295DAF19-36D1-4E1D-A1D5-A949A85BA6AB}"
EndProject
Project("{9A19103F-16F7-4668-BE54-9A1E7A4F7556}") = "MacroCollections", "..\MacroCollections\MacroCollections\MacroCollections.csproj", "{A28ABFA7-7C10-4BAB-B75C-1304F3FB5656}"
EndProject
Project("{2150E333-8FDC-42A3-9474-1A3956D46DE8}") = "nugit-MacroExceptions", "nugit-MacroExceptions", "{B7B9C0C9-8B13-4AF7-BD60-E0CEA2BD89DF}"
EndProject
Project("{9A19103F-16F7-4668-BE54-9A1E7A4F7556}") = "MacroExceptions", "..\MacroExceptions\MacroExceptions\MacroExceptions.csproj", "{F08677E5-1D82-4586-AE1D-D1AC369A2B39}"
EndProject
Global
	GlobalSection(SolutionConfigurationPlatforms) = preSolution
		Debug|Any CPU = Debug|Any CPU
		Release|Any CPU = Release|Any CPU
	EndGlobalSection
	GlobalSection(ProjectConfigurationPlatforms) = postSolution
		{543FD139-7A18-4291-BCBD-1D1CEB01F0BE}.Debug|Any CPU.ActiveCfg = Debug|Any CPU
		{543FD139-7A18-4291-BCBD-1D1CEB01F0BE}.Debug|Any CPU.Build.0 = Debug|Any CPU
		{543FD139-7A18-4291-BCBD-1D1CEB01F0BE}.Release|Any CPU.ActiveCfg = Release|Any CPU
		{543FD139-7A18-4291-BCBD-1D1CEB01F0BE}.Release|Any CPU.Build.0 = Release|Any CPU
		{7C2D7D47-3718-4D2B-BE57-2276C06E7F34}.Debug|Any CPU.ActiveCfg = Debug|Any CPU
		{7C2D7D47-3718-4D2B-BE57-2276C06E7F34}.Debug|Any CPU.Build.0 = Debug|Any CPU
		{7C2D7D47-3718-4D2B-BE57-2276C06E7F34}.Release|Any CPU.ActiveCfg = Release|Any CPU
		{7C2D7D47-3718-4D2B-BE57-2276C06E7F34}.Release|Any CPU.Build.0 = Release|Any CPU
		{EADBBE65-3D8A-42E8-AB55-9E4F6CC24C9B}.Debug|Any CPU.ActiveCfg = Debug|Any CPU
		{EADBBE65-3D8A-42E8-AB55-9E4F6CC24C9B}.Debug|Any CPU.Build.0 = Debug|Any CPU
		{EADBBE65-3D8A-42E8-AB55-9E4F6CC24C9B}.Release|Any CPU.ActiveCfg = Release|Any CPU
		{EADBBE65-3D8A-42E8-AB55-9E4F6CC24C9B}.Release|Any CPU.Build.0 = Release|Any CPU
		{A28ABFA7-7C10-4BAB-B75C-1304F3FB5656}.Debug|Any CPU.ActiveCfg = Debug|Any CPU
		{A28ABFA7-7C10-4BAB-B75C-1304F3FB5656}.Debug|Any CPU.Build.0 = Debug|Any CPU
		{A28ABFA7-7C10-4BAB-B75C-1304F3FB5656}.Release|Any CPU.ActiveCfg = Release|Any CPU
		{A28ABFA7-7C10-4BAB-B75C-1304F3FB5656}.Release|Any CPU.Build.0 = Release|Any CPU
		{F08677E5-1D82-4586-AE1D-D1AC369A2B39}.Debug|Any CPU.ActiveCfg = Debug|Any CPU
		{F08677E5-1D82-4586-AE1D-D1AC369A2B39}.Debug|Any CPU.Build.0 = Debug|Any CPU
		{F08677E5-1D82-4586-AE1D-D1AC369A2B39}.Release|Any CPU.ActiveCfg = Release|Any CPU
		{F08677E5-1D82-4586-AE1D-D1AC369A2B39}.Release|Any CPU.Build.0 = Release|Any CPU
	EndGlobalSection
	GlobalSection(SolutionProperties) = preSolution
		HideSolutionNode = FALSE
	EndGlobalSection
	GlobalSection(NestedProjects) = preSolution
		{7C2D7D47-3718-4D2B-BE57-2276C06E7F34} = {87441458-F4D4-4767-8808-E3EB8EC08A16}
		{EADBBE65-3D8A-42E8-AB55-9E4F6CC24C9B} = {CE06072F-6573-491D-B7CA-F75FC901D765}
		{A28ABFA7-7C10-4BAB-B75C-1304F3FB5656} = {295DAF19-36D1-4E1D-A1D5-A949A85BA6AB}
		{F08677E5-1D82-4586-AE1D-D1AC369A2B39} = {B7B9C0C9-8B13-4AF7-BD60-E0CEA2BD89DF}
	EndGlobalSection
	GlobalSection(ExtensibilityGlobals) = postSolution
		SolutionGuid = {3D8EAB14-3198-4884-8586-93ABE9E4016C}
	EndGlobalSection
EndGlobal
